
Microsoft Visual Studio Solution File, Format Version 12.00
# Visual Studio Version 16
VisualStudioVersion = 16.0.30621.155
MinimumVisualStudioVersion = 10.0.40219.1
Project("{9A19103F-16F7-4668-BE54-9A1E7A4F7556}") = "EComm.Web", "EComm.Web\EComm.Web.csproj", "{8CC38A1C-198A-4388-A8FE-FA39F95F2B1D}"
EndProject
Project("{FAE04EC0-301F-11D3-BF4B-00C04F79EFBC}") = "XUnitTestProject1", "XUnitTestProject1\XUnitTestProject1.csproj", "{EC8E44C7-2C49-4EB6-AD55-E92E4880852B}"
EndProject
Global
	GlobalSection(SolutionConfigurationPlatforms) = preSolution
		Debug|Any CPU = Debug|Any CPU
		Release|Any CPU = Release|Any CPU
	EndGlobalSection
	GlobalSection(ProjectConfigurationPlatforms) = postSolution
		{8CC38A1C-198A-4388-A8FE-FA39F95F2B1D}.Debug|Any CPU.ActiveCfg = Debug|Any CPU
		{8CC38A1C-198A-4388-A8FE-FA39F95F2B1D}.Debug|Any CPU.Build.0 = Debug|Any CPU
		{8CC38A1C-198A-4388-A8FE-FA39F95F2B1D}.Release|Any CPU.ActiveCfg = Release|Any CPU
		{8CC38A1C-198A-4388-A8FE-FA39F95F2B1D}.Release|Any CPU.Build.0 = Release|Any CPU
		{EC8E44C7-2C49-4EB6-AD55-E92E4880852B}.Debug|Any CPU.ActiveCfg = Debug|Any CPU
		{EC8E44C7-2C49-4EB6-AD55-E92E4880852B}.Debug|Any CPU.Build.0 = Debug|Any CPU
		{EC8E44C7-2C49-4EB6-AD55-E92E4880852B}.Release|Any CPU.ActiveCfg = Release|Any CPU
		{EC8E44C7-2C49-4EB6-AD55-E92E4880852B}.Release|Any CPU.Build.0 = Release|Any CPU
	EndGlobalSection
	GlobalSection(SolutionProperties) = preSolution
		HideSolutionNode = FALSE
	EndGlobalSection
	GlobalSection(ExtensibilityGlobals) = postSolution
		SolutionGuid = {A55EFEDF-3E2E-484E-8F9D-9F42FF6B3405}
	EndGlobalSection
EndGlobal
