
Microsoft Visual Studio Solution File, Format Version 12.00
# Visual Studio Version 16
VisualStudioVersion = 16.0.29709.97
MinimumVisualStudioVersion = 10.0.40219.1
Project("{9A19103F-16F7-4668-BE54-9A1E7A4F7556}") = "Ecomm.Web", "Ecomm.Web\Ecomm.Web.csproj", "{B34D4D54-0168-4E3F-9847-B11680AF7633}"
EndProject
Project("{9A19103F-16F7-4668-BE54-9A1E7A4F7556}") = "Ecomm.Data", "..\..\Ecomm.Data\Ecomm.Data.csproj", "{2328FD96-94DA-4ADF-A637-E6B3705304FC}"
EndProject
Project("{9A19103F-16F7-4668-BE54-9A1E7A4F7556}") = "EComm.Controllers", "EComm.Controllers\EComm.Controllers.csproj", "{8F9DA065-3FC5-48CC-8A36-9BDE309F90DC}"
EndProject
Project("{9A19103F-16F7-4668-BE54-9A1E7A4F7556}") = "EComm.Test", "..\..\EComm.Test\EComm.Test.csproj", "{B6660C30-EAF8-4DD2-B879-35C1D971DC05}"
EndProject
Project("{9A19103F-16F7-4668-BE54-9A1E7A4F7556}") = "EComm.Blazor", "..\..\EComm.Blazor\EComm.Blazor.csproj", "{E8C04E79-58E6-4BC0-B7A5-EDCC8BC61719}"
EndProject
Project("{FAE04EC0-301F-11D3-BF4B-00C04F79EFBC}") = "Ecomm.Web2", "..\..\Ecomm.Web2\Ecomm.Web2.csproj", "{E3F228D0-4AE3-45E6-8917-525043A9D975}"
EndProject
Project("{FAE04EC0-301F-11D3-BF4B-00C04F79EFBC}") = "EComm.Client", "..\..\EComm.Client\EComm.Client.csproj", "{D6316FC9-28B1-4DB5-956E-72384C50CC1D}"
EndProject
Global
	GlobalSection(SolutionConfigurationPlatforms) = preSolution
		Debug|Any CPU = Debug|Any CPU
		Release|Any CPU = Release|Any CPU
	EndGlobalSection
	GlobalSection(ProjectConfigurationPlatforms) = postSolution
		{B34D4D54-0168-4E3F-9847-B11680AF7633}.Debug|Any CPU.ActiveCfg = Debug|Any CPU
		{B34D4D54-0168-4E3F-9847-B11680AF7633}.Debug|Any CPU.Build.0 = Debug|Any CPU
		{B34D4D54-0168-4E3F-9847-B11680AF7633}.Release|Any CPU.ActiveCfg = Release|Any CPU
		{B34D4D54-0168-4E3F-9847-B11680AF7633}.Release|Any CPU.Build.0 = Release|Any CPU
		{2328FD96-94DA-4ADF-A637-E6B3705304FC}.Debug|Any CPU.ActiveCfg = Debug|Any CPU
		{2328FD96-94DA-4ADF-A637-E6B3705304FC}.Debug|Any CPU.Build.0 = Debug|Any CPU
		{2328FD96-94DA-4ADF-A637-E6B3705304FC}.Release|Any CPU.ActiveCfg = Release|Any CPU
		{2328FD96-94DA-4ADF-A637-E6B3705304FC}.Release|Any CPU.Build.0 = Release|Any CPU
		{8F9DA065-3FC5-48CC-8A36-9BDE309F90DC}.Debug|Any CPU.ActiveCfg = Debug|Any CPU
		{8F9DA065-3FC5-48CC-8A36-9BDE309F90DC}.Debug|Any CPU.Build.0 = Debug|Any CPU
		{8F9DA065-3FC5-48CC-8A36-9BDE309F90DC}.Release|Any CPU.ActiveCfg = Release|Any CPU
		{8F9DA065-3FC5-48CC-8A36-9BDE309F90DC}.Release|Any CPU.Build.0 = Release|Any CPU
		{B6660C30-EAF8-4DD2-B879-35C1D971DC05}.Debug|Any CPU.ActiveCfg = Debug|Any CPU
		{B6660C30-EAF8-4DD2-B879-35C1D971DC05}.Debug|Any CPU.Build.0 = Debug|Any CPU
		{B6660C30-EAF8-4DD2-B879-35C1D971DC05}.Release|Any CPU.ActiveCfg = Release|Any CPU
		{B6660C30-EAF8-4DD2-B879-35C1D971DC05}.Release|Any CPU.Build.0 = Release|Any CPU
		{E8C04E79-58E6-4BC0-B7A5-EDCC8BC61719}.Debug|Any CPU.ActiveCfg = Debug|Any CPU
		{E8C04E79-58E6-4BC0-B7A5-EDCC8BC61719}.Debug|Any CPU.Build.0 = Debug|Any CPU
		{E8C04E79-58E6-4BC0-B7A5-EDCC8BC61719}.Release|Any CPU.ActiveCfg = Release|Any CPU
		{E8C04E79-58E6-4BC0-B7A5-EDCC8BC61719}.Release|Any CPU.Build.0 = Release|Any CPU
		{E3F228D0-4AE3-45E6-8917-525043A9D975}.Debug|Any CPU.ActiveCfg = Debug|Any CPU
		{E3F228D0-4AE3-45E6-8917-525043A9D975}.Debug|Any CPU.Build.0 = Debug|Any CPU
		{E3F228D0-4AE3-45E6-8917-525043A9D975}.Release|Any CPU.ActiveCfg = Release|Any CPU
		{E3F228D0-4AE3-45E6-8917-525043A9D975}.Release|Any CPU.Build.0 = Release|Any CPU
		{D6316FC9-28B1-4DB5-956E-72384C50CC1D}.Debug|Any CPU.ActiveCfg = Debug|Any CPU
		{D6316FC9-28B1-4DB5-956E-72384C50CC1D}.Debug|Any CPU.Build.0 = Debug|Any CPU
		{D6316FC9-28B1-4DB5-956E-72384C50CC1D}.Release|Any CPU.ActiveCfg = Release|Any CPU
		{D6316FC9-28B1-4DB5-956E-72384C50CC1D}.Release|Any CPU.Build.0 = Release|Any CPU
	EndGlobalSection
	GlobalSection(SolutionProperties) = preSolution
		HideSolutionNode = FALSE
	EndGlobalSection
	GlobalSection(ExtensibilityGlobals) = postSolution
		SolutionGuid = {A3FB3D5A-F913-4378-ADB2-969627B6AF43}
	EndGlobalSection
EndGlobal
