
Microsoft Visual Studio Solution File, Format Version 12.00
# Visual Studio Version 16
VisualStudioVersion = 16.0.30907.101
MinimumVisualStudioVersion = 10.0.40219.1
Project("{9A19103F-16F7-4668-BE54-9A1E7A4F7556}") = "web-app", "web-app.csproj", "{1D29B509-799A-4AE6-9BFA-21EA12E77CC4}"
EndProject
Project("{9A19103F-16F7-4668-BE54-9A1E7A4F7556}") = "web-app.Shared", "..\app\web-app.Shared\web-app.Shared.csproj", "{D967E46F-83DB-4307-863F-4F2AA8A30291}"
EndProject
Project("{FAE04EC0-301F-11D3-BF4B-00C04F79EFBC}") = "XUnitTestProject1", "..\app\XUnitTestProject1\XUnitTestProject1.csproj", "{13144D49-66AE-4D5F-ADD0-42AC2052FE01}"
EndProject
Global
	GlobalSection(SolutionConfigurationPlatforms) = preSolution
		Debug|Any CPU = Debug|Any CPU
		Release|Any CPU = Release|Any CPU
	EndGlobalSection
	GlobalSection(ProjectConfigurationPlatforms) = postSolution
		{1D29B509-799A-4AE6-9BFA-21EA12E77CC4}.Debug|Any CPU.ActiveCfg = Debug|Any CPU
		{1D29B509-799A-4AE6-9BFA-21EA12E77CC4}.Debug|Any CPU.Build.0 = Debug|Any CPU
		{1D29B509-799A-4AE6-9BFA-21EA12E77CC4}.Release|Any CPU.ActiveCfg = Release|Any CPU
		{1D29B509-799A-4AE6-9BFA-21EA12E77CC4}.Release|Any CPU.Build.0 = Release|Any CPU
		{D967E46F-83DB-4307-863F-4F2AA8A30291}.Debug|Any CPU.ActiveCfg = Debug|Any CPU
		{D967E46F-83DB-4307-863F-4F2AA8A30291}.Debug|Any CPU.Build.0 = Debug|Any CPU
		{D967E46F-83DB-4307-863F-4F2AA8A30291}.Release|Any CPU.ActiveCfg = Release|Any CPU
		{D967E46F-83DB-4307-863F-4F2AA8A30291}.Release|Any CPU.Build.0 = Release|Any CPU
		{13144D49-66AE-4D5F-ADD0-42AC2052FE01}.Debug|Any CPU.ActiveCfg = Debug|Any CPU
		{13144D49-66AE-4D5F-ADD0-42AC2052FE01}.Debug|Any CPU.Build.0 = Debug|Any CPU
		{13144D49-66AE-4D5F-ADD0-42AC2052FE01}.Release|Any CPU.ActiveCfg = Release|Any CPU
		{13144D49-66AE-4D5F-ADD0-42AC2052FE01}.Release|Any CPU.Build.0 = Release|Any CPU
	EndGlobalSection
	GlobalSection(SolutionProperties) = preSolution
		HideSolutionNode = FALSE
	EndGlobalSection
	GlobalSection(ExtensibilityGlobals) = postSolution
		SolutionGuid = {084D22E9-B1EC-456F-81FF-1B849520A2AE}
	EndGlobalSection
EndGlobal
